// !$*UTF8*$!
{
	archiveVersion = 1;
	classes = {
	};
	objectVersion = 50;
	objects = {

/* Begin PBXBuildFile section */
		DA5A4BB623C57E1D009118B9 /* AppDelegate.swift in Sources */ = {isa = PBXBuildFile; fileRef = DA5A4BB523C57E1D009118B9 /* AppDelegate.swift */; };
		DA5A4BB823C57E1D009118B9 /* SceneDelegate.swift in Sources */ = {isa = PBXBuildFile; fileRef = DA5A4BB723C57E1D009118B9 /* SceneDelegate.swift */; };
		DA5A4BBA23C57E1D009118B9 /* ViewController.swift in Sources */ = {isa = PBXBuildFile; fileRef = DA5A4BB923C57E1D009118B9 /* ViewController.swift */; };
		DA5A4BBD23C57E1D009118B9 /* Main.storyboard in Resources */ = {isa = PBXBuildFile; fileRef = DA5A4BBB23C57E1D009118B9 /* Main.storyboard */; };
		DA5A4BC023C57E1D009118B9 /* Map_That_Spot.xcdatamodeld in Sources */ = {isa = PBXBuildFile; fileRef = DA5A4BBE23C57E1D009118B9 /* Map_That_Spot.xcdatamodeld */; };
		DA5A4BC223C57E20009118B9 /* Assets.xcassets in Resources */ = {isa = PBXBuildFile; fileRef = DA5A4BC123C57E20009118B9 /* Assets.xcassets */; };
		DA5A4BC523C57E20009118B9 /* LaunchScreen.storyboard in Resources */ = {isa = PBXBuildFile; fileRef = DA5A4BC323C57E20009118B9 /* LaunchScreen.storyboard */; };
/* End PBXBuildFile section */

/* Begin PBXFileReference section */
		DA5A4BB223C57E1C009118B9 /* Map That Spot.app */ = {isa = PBXFileReference; explicitFileType = wrapper.application; includeInIndex = 0; path = "Map That Spot.app"; sourceTree = BUILT_PRODUCTS_DIR; };
		DA5A4BB523C57E1D009118B9 /* AppDelegate.swift */ = {isa = PBXFileReference; lastKnownFileType = sourcecode.swift; path = AppDelegate.swift; sourceTree = "<group>"; };
		DA5A4BB723C57E1D009118B9 /* SceneDelegate.swift */ = {isa = PBXFileReference; lastKnownFileType = sourcecode.swift; path = SceneDelegate.swift; sourceTree = "<group>"; };
		DA5A4BB923C57E1D009118B9 /* ViewController.swift */ = {isa = PBXFileReference; lastKnownFileType = sourcecode.swift; path = ViewController.swift; sourceTree = "<group>"; };
		DA5A4BBC23C57E1D009118B9 /* Base */ = {isa = PBXFileReference; lastKnownFileType = file.storyboard; name = Base; path = Base.lproj/Main.storyboard; sourceTree = "<group>"; };
		DA5A4BBF23C57E1D009118B9 /* Map_That_Spot.xcdatamodel */ = {isa = PBXFileReference; lastKnownFileType = wrapper.xcdatamodel; path = Map_That_Spot.xcdatamodel; sourceTree = "<group>"; };
		DA5A4BC123C57E20009118B9 /* Assets.xcassets */ = {isa = PBXFileReference; lastKnownFileType = folder.assetcatalog; path = Assets.xcassets; sourceTree = "<group>"; };
		DA5A4BC423C57E20009118B9 /* Base */ = {isa = PBXFileReference; lastKnownFileType = file.storyboard; name = Base; path = Base.lproj/LaunchScreen.storyboard; sourceTree = "<group>"; };
		DA5A4BC623C57E20009118B9 /* Info.plist */ = {isa = PBXFileReference; lastKnownFileType = text.plist.xml; path = Info.plist; sourceTree = "<group>"; };
/* End PBXFileReference section */

/* Begin PBXFrameworksBuildPhase section */
		DA5A4BAF23C57E1C009118B9 /* Frameworks */ = {
			isa = PBXFrameworksBuildPhase;
			buildActionMask = 2147483647;
			files = (
			);
			runOnlyForDeploymentPostprocessing = 0;
		};
/* End PBXFrameworksBuildPhase section */

/* Begin PBXGroup section */
		DA5A4BA923C57E1C009118B9 = {
			isa = PBXGroup;
			children = (
				DA5A4BB423C57E1C009118B9 /* Map That Spot */,
				DA5A4BB323C57E1C009118B9 /* Products */,
			);
			sourceTree = "<group>";
		};
		DA5A4BB323C57E1C009118B9 /* Products */ = {
			isa = PBXGroup;
			children = (
				DA5A4BB223C57E1C009118B9 /* Map That Spot.app */,
			);
			name = Products;
			sourceTree = "<group>";
		};
		DA5A4BB423C57E1C009118B9 /* Map That Spot */ = {
			isa = PBXGroup;
			children = (
				DA5A4BB523C57E1D009118B9 /* AppDelegate.swift */,
				DA5A4BB723C57E1D009118B9 /* SceneDelegate.swift */,
				DA5A4BB923C57E1D009118B9 /* ViewController.swift */,
				DA5A4BBB23C57E1D009118B9 /* Main.storyboard */,
				DA5A4BC123C57E20009118B9 /* Assets.xcassets */,
				DA5A4BC323C57E20009118B9 /* LaunchScreen.storyboard */,
				DA5A4BC623C57E20009118B9 /* Info.plist */,
				DA5A4BBE23C57E1D009118B9 /* Map_That_Spot.xcdatamodeld */,
			);
			path = "Map That Spot";
			sourceTree = "<group>";
		};
/* End PBXGroup section */

/* Begin PBXNativeTarget section */
		DA5A4BB123C57E1C009118B9 /* Map That Spot */ = {
			isa = PBXNativeTarget;
			buildConfigurationList = DA5A4BC923C57E20009118B9 /* Build configuration list for PBXNativeTarget "Map That Spot" */;
			buildPhases = (
				DA5A4BAE23C57E1C009118B9 /* Sources */,
				DA5A4BAF23C57E1C009118B9 /* Frameworks */,
				DA5A4BB023C57E1C009118B9 /* Resources */,
			);
			buildRules = (
			);
			dependencies = (
			);
			name = "Map That Spot";
			productName = "Map That Spot";
			productReference = DA5A4BB223C57E1C009118B9 /* Map That Spot.app */;
			productType = "com.apple.product-type.application";
		};
/* End PBXNativeTarget section */

/* Begin PBXProject section */
		DA5A4BAA23C57E1C009118B9 /* Project object */ = {
			isa = PBXProject;
			attributes = {
				LastSwiftUpdateCheck = 1130;
				LastUpgradeCheck = 1130;
				ORGANIZATIONNAME = "Kinney Kare";
				TargetAttributes = {
					DA5A4BB123C57E1C009118B9 = {
						CreatedOnToolsVersion = 11.3;
					};
				};
			};
			buildConfigurationList = DA5A4BAD23C57E1C009118B9 /* Build configuration list for PBXProject "Map That Spot" */;
			compatibilityVersion = "Xcode 9.3";
			developmentRegion = en;
			hasScannedForEncodings = 0;
			knownRegions = (
				en,
				Base,
			);
			mainGroup = DA5A4BA923C57E1C009118B9;
			productRefGroup = DA5A4BB323C57E1C009118B9 /* Products */;
			projectDirPath = "";
			projectRoot = "";
			targets = (
				DA5A4BB123C57E1C009118B9 /* Map That Spot */,
			);
		};
/* End PBXProject section */

/* Begin PBXResourcesBuildPhase section */
		DA5A4BB023C57E1C009118B9 /* Resources */ = {
			isa = PBXResourcesBuildPhase;
			buildActionMask = 2147483647;
			files = (
				DA5A4BC523C57E20009118B9 /* LaunchScreen.storyboard in Resources */,
				DA5A4BC223C57E20009118B9 /* Assets.xcassets in Resources */,
				DA5A4BBD23C57E1D009118B9 /* Main.storyboard in Resources */,
			);
			runOnlyForDeploymentPostprocessing = 0;
		};
/* End PBXResourcesBuildPhase section */

/* Begin PBXSourcesBuildPhase section */
		DA5A4BAE23C57E1C009118B9 /* Sources */ = {
			isa = PBXSourcesBuildPhase;
			buildActionMask = 2147483647;
			files = (
				DA5A4BBA23C57E1D009118B9 /* ViewController.swift in Sources */,
				DA5A4BC023C57E1D009118B9 /* Map_That_Spot.xcdatamodeld in Sources */,
				DA5A4BB623C57E1D009118B9 /* AppDelegate.swift in Sources */,
				DA5A4BB823C57E1D009118B9 /* SceneDelegate.swift in Sources */,
			);
			runOnlyForDeploymentPostprocessing = 0;
		};
/* End PBXSourcesBuildPhase section */

/* Begin PBXVariantGroup section */
		DA5A4BBB23C57E1D009118B9 /* Main.storyboard */ = {
			isa = PBXVariantGroup;
			children = (
				DA5A4BBC23C57E1D009118B9 /* Base */,
			);
			name = Main.storyboard;
			sourceTree = "<group>";
		};
		DA5A4BC323C57E20009118B9 /* LaunchScreen.storyboard */ = {
			isa = PBXVariantGroup;
			children = (
				DA5A4BC423C57E20009118B9 /* Base */,
			);
			name = LaunchScreen.storyboard;
			sourceTree = "<group>";
		};
/* End PBXVariantGroup section */

/* Begin XCBuildConfiguration section */
		DA5A4BC723C57E20009118B9 /* Debug */ = {
			isa = XCBuildConfiguration;
			buildSettings = {
				ALWAYS_SEARCH_USER_PATHS = NO;
				CLANG_ANALYZER_NONNULL = YES;
				CLANG_ANALYZER_NUMBER_OBJECT_CONVERSION = YES_AGGRESSIVE;
				CLANG_CXX_LANGUAGE_STANDARD = "gnu++14";
				CLANG_CXX_LIBRARY = "libc++";
				CLANG_ENABLE_MODULES = YES;
				CLANG_ENABLE_OBJC_ARC = YES;
				CLANG_ENABLE_OBJC_WEAK = YES;
				CLANG_WARN_BLOCK_CAPTURE_AUTORELEASING = YES;
				CLANG_WARN_BOOL_CONVERSION = YES;
				CLANG_WARN_COMMA = YES;
				CLANG_WARN_CONSTANT_CONVERSION = YES;
				CLANG_WARN_DEPRECATED_OBJC_IMPLEMENTATIONS = YES;
				CLANG_WARN_DIRECT_OBJC_ISA_USAGE = YES_ERROR;
				CLANG_WARN_DOCUMENTATION_COMMENTS = YES;
				CLANG_WARN_EMPTY_BODY = YES;
				CLANG_WARN_ENUM_CONVERSION = YES;
				CLANG_WARN_INFINITE_RECURSION = YES;
				CLANG_WARN_INT_CONVERSION = YES;
				CLANG_WARN_NON_LITERAL_NULL_CONVERSION = YES;
				CLANG_WARN_OBJC_IMPLICIT_RETAIN_SELF = YES;
				CLANG_WARN_OBJC_LITERAL_CONVERSION = YES;
				CLANG_WARN_OBJC_ROOT_CLASS = YES_ERROR;
				CLANG_WARN_RANGE_LOOP_ANALYSIS = YES;
				CLANG_WARN_STRICT_PROTOTYPES = YES;
				CLANG_WARN_SUSPICIOUS_MOVE = YES;
				CLANG_WARN_UNGUARDED_AVAILABILITY = YES_AGGRESSIVE;
				CLANG_WARN_UNREACHABLE_CODE = YES;
				CLANG_WARN__DUPLICATE_METHOD_MATCH = YES;
				COPY_PHASE_STRIP = NO;
				DEBUG_INFORMATION_FORMAT = dwarf;
				ENABLE_STRICT_OBJC_MSGSEND = YES;
				ENABLE_TESTABILITY = YES;
				GCC_C_LANGUAGE_STANDARD = gnu11;
				GCC_DYNAMIC_NO_PIC = NO;
				GCC_NO_COMMON_BLOCKS = YES;
				GCC_OPTIMIZATION_LEVEL = 0;
				GCC_PREPROCESSOR_DEFINITIONS = (
					"DEBUG=1",
					"$(inherited)",
				);
				GCC_WARN_64_TO_32_BIT_CONVERSION = YES;
				GCC_WARN_ABOUT_RETURN_TYPE = YES_ERROR;
				GCC_WARN_UNDECLARED_SELECTOR = YES;
				GCC_WARN_UNINITIALIZED_AUTOS = YES_AGGRESSIVE;
				GCC_WARN_UNUSED_FUNCTION = YES;
				GCC_WARN_UNUSED_VARIABLE = YES;
				IPHONEOS_DEPLOYMENT_TARGET = 13.2;
				MTL_ENABLE_DEBUG_INFO = INCLUDE_SOURCE;
				MTL_FAST_MATH = YES;
				ONLY_ACTIVE_ARCH = YES;
				SDKROOT = iphoneos;
				SWIFT_ACTIVE_COMPILATION_CONDITIONS = DEBUG;
				SWIFT_OPTIMIZATION_LEVEL = "-Onone";
			};
			name = Debug;
		};
		DA5A4BC823C57E20009118B9 /* Release */ = {
			isa = XCBuildConfiguration;
			buildSettings = {
				ALWAYS_SEARCH_USER_PATHS = NO;
				CLANG_ANALYZER_NONNULL = YES;
				CLANG_ANALYZER_NUMBER_OBJECT_CONVERSION = YES_AGGRESSIVE;
				CLANG_CXX_LANGUAGE_STANDARD = "gnu++14";
				CLANG_CXX_LIBRARY = "libc++";
				CLANG_ENABLE_MODULES = YES;
				CLANG_ENABLE_OBJC_ARC = YES;
				CLANG_ENABLE_OBJC_WEAK = YES;
				CLANG_WARN_BLOCK_CAPTURE_AUTORELEASING = YES;
				CLANG_WARN_BOOL_CONVERSION = YES;
				CLANG_WARN_COMMA = YES;
				CLANG_WARN_CONSTANT_CONVERSION = YES;
				CLANG_WARN_DEPRECATED_OBJC_IMPLEMENTATIONS = YES;
				CLANG_WARN_DIRECT_OBJC_ISA_USAGE = YES_ERROR;
				CLANG_WARN_DOCUMENTATION_COMMENTS = YES;
				CLANG_WARN_EMPTY_BODY = YES;
				CLANG_WARN_ENUM_CONVERSION = YES;
				CLANG_WARN_INFINITE_RECURSION = YES;
				CLANG_WARN_INT_CONVERSION = YES;
				CLANG_WARN_NON_LITERAL_NULL_CONVERSION = YES;
				CLANG_WARN_OBJC_IMPLICIT_RETAIN_SELF = YES;
				CLANG_WARN_OBJC_LITERAL_CONVERSION = YES;
				CLANG_WARN_OBJC_ROOT_CLASS = YES_ERROR;
				CLANG_WARN_RANGE_LOOP_ANALYSIS = YES;
				CLANG_WARN_STRICT_PROTOTYPES = YES;
				CLANG_WARN_SUSPICIOUS_MOVE = YES;
				CLANG_WARN_UNGUARDED_AVAILABILITY = YES_AGGRESSIVE;
				CLANG_WARN_UNREACHABLE_CODE = YES;
				CLANG_WARN__DUPLICATE_METHOD_MATCH = YES;
				COPY_PHASE_STRIP = NO;
				DEBUG_INFORMATION_FORMAT = "dwarf-with-dsym";
				ENABLE_NS_ASSERTIONS = NO;
				ENABLE_STRICT_OBJC_MSGSEND = YES;
				GCC_C_LANGUAGE_STANDARD = gnu11;
				GCC_NO_COMMON_BLOCKS = YES;
				GCC_WARN_64_TO_32_BIT_CONVERSION = YES;
				GCC_WARN_ABOUT_RETURN_TYPE = YES_ERROR;
				GCC_WARN_UNDECLARED_SELECTOR = YES;
				GCC_WARN_UNINITIALIZED_AUTOS = YES_AGGRESSIVE;
				GCC_WARN_UNUSED_FUNCTION = YES;
				GCC_WARN_UNUSED_VARIABLE = YES;
				IPHONEOS_DEPLOYMENT_TARGET = 13.2;
				MTL_ENABLE_DEBUG_INFO = NO;
				MTL_FAST_MATH = YES;
				SDKROOT = iphoneos;
				SWIFT_COMPILATION_MODE = wholemodule;
				SWIFT_OPTIMIZATION_LEVEL = "-O";
				VALIDATE_PRODUCT = YES;
			};
			name = Release;
		};
		DA5A4BCA23C57E20009118B9 /* Debug */ = {
			isa = XCBuildConfiguration;
			buildSettings = {
				ASSETCATALOG_COMPILER_APPICON_NAME = AppIcon;
				CODE_SIGN_STYLE = Automatic;
				DEVELOPMENT_TEAM = R7SHSK6MNC;
				INFOPLIST_FILE = "Map That Spot/Info.plist";
				LD_RUNPATH_SEARCH_PATHS = (
					"$(inherited)",
					"@executable_path/Frameworks",
				);
				PRODUCT_BUNDLE_IDENTIFIER = "com.kinneykare.Map-That-Spot";
				PRODUCT_NAME = "$(TARGET_NAME)";
				SWIFT_VERSION = 5.0;
				TARGETED_DEVICE_FAMILY = "1,2";
			};
			name = Debug;
		};
		DA5A4BCB23C57E20009118B9 /* Release */ = {
			isa = XCBuildConfiguration;
			buildSettings = {
				ASSETCATALOG_COMPILER_APPICON_NAME = AppIcon;
				CODE_SIGN_STYLE = Automatic;
				DEVELOPMENT_TEAM = R7SHSK6MNC;
				INFOPLIST_FILE = "Map That Spot/Info.plist";
				LD_RUNPATH_SEARCH_PATHS = (
					"$(inherited)",
					"@executable_path/Frameworks",
				);
				PRODUCT_BUNDLE_IDENTIFIER = "com.kinneykare.Map-That-Spot";
				PRODUCT_NAME = "$(TARGET_NAME)";
				SWIFT_VERSION = 5.0;
				TARGETED_DEVICE_FAMILY = "1,2";
			};
			name = Release;
		};
/* End XCBuildConfiguration section */

/* Begin XCConfigurationList section */
		DA5A4BAD23C57E1C009118B9 /* Build configuration list for PBXProject "Map That Spot" */ = {
			isa = XCConfigurationList;
			buildConfigurations = (
				DA5A4BC723C57E20009118B9 /* Debug */,
				DA5A4BC823C57E20009118B9 /* Release */,
			);
			defaultConfigurationIsVisible = 0;
			defaultConfigurationName = Release;
		};
		DA5A4BC923C57E20009118B9 /* Build configuration list for PBXNativeTarget "Map That Spot" */ = {
			isa = XCConfigurationList;
			buildConfigurations = (
				DA5A4BCA23C57E20009118B9 /* Debug */,
				DA5A4BCB23C57E20009118B9 /* Release */,
			);
			defaultConfigurationIsVisible = 0;
			defaultConfigurationName = Release;
		};
/* End XCConfigurationList section */

/* Begin XCVersionGroup section */
		DA5A4BBE23C57E1D009118B9 /* Map_That_Spot.xcdatamodeld */ = {
			isa = XCVersionGroup;
			children = (
				DA5A4BBF23C57E1D009118B9 /* Map_That_Spot.xcdatamodel */,
			);
			currentVersion = DA5A4BBF23C57E1D009118B9 /* Map_That_Spot.xcdatamodel */;
			path = Map_That_Spot.xcdatamodeld;
			sourceTree = "<group>";
			versionGroupType = wrapper.xcdatamodel;
		};
/* End XCVersionGroup section */
	};
	rootObject = DA5A4BAA23C57E1C009118B9 /* Project object */;
}
